
Microsoft Visual Studio Solution File, Format Version 12.00
# Visual Studio Version 17
VisualStudioVersion = 17.9.34607.119
MinimumVisualStudioVersion = 10.0.40219.1
Project("{FAE04EC0-301F-11D3-BF4B-00C04F79EFBC}") = "the_Website_class", "the_Website_class\the_Website_class.csproj", "{C87FBE45-5CF6-405D-924B-0644840FDB8F}"
EndProject
Global
	GlobalSection(SolutionConfigurationPlatforms) = preSolution
		Debug|Any CPU = Debug|Any CPU
		Release|Any CPU = Release|Any CPU
	EndGlobalSection
	GlobalSection(ProjectConfigurationPlatforms) = postSolution
		{C87FBE45-5CF6-405D-924B-0644840FDB8F}.Debug|Any CPU.ActiveCfg = Debug|Any CPU
		{C87FBE45-5CF6-405D-924B-0644840FDB8F}.Debug|Any CPU.Build.0 = Debug|Any CPU
		{C87FBE45-5CF6-405D-924B-0644840FDB8F}.Release|Any CPU.ActiveCfg = Release|Any CPU
		{C87FBE45-5CF6-405D-924B-0644840FDB8F}.Release|Any CPU.Build.0 = Release|Any CPU
	EndGlobalSection
	GlobalSection(SolutionProperties) = preSolution
		HideSolutionNode = FALSE
	EndGlobalSection
	GlobalSection(ExtensibilityGlobals) = postSolution
		SolutionGuid = {77A45D3C-417C-4960-AAA8-9CF3884B264A}
	EndGlobalSection
EndGlobal
